
Microsoft Visual Studio Solution File, Format Version 11.00
# Visual Studio 2010
Project("{FAE04EC0-301F-11D3-BF4B-00C04F79EFBC}") = "jscreate", "jscreate\jscreate.csproj", "{5E3DA5A0-0FEC-4F88-A325-3733A021328B}"
EndProject
Global
	GlobalSection(SolutionConfigurationPlatforms) = preSolution
		Debug|x86 = Debug|x86
		Release|x86 = Release|x86
	EndGlobalSection
	GlobalSection(ProjectConfigurationPlatforms) = postSolution
		{5E3DA5A0-0FEC-4F88-A325-3733A021328B}.Debug|x86.ActiveCfg = Debug|x86
		{5E3DA5A0-0FEC-4F88-A325-3733A021328B}.Debug|x86.Build.0 = Debug|x86
		{5E3DA5A0-0FEC-4F88-A325-3733A021328B}.Release|x86.ActiveCfg = Release|x86
		{5E3DA5A0-0FEC-4F88-A325-3733A021328B}.Release|x86.Build.0 = Release|x86
	EndGlobalSection
	GlobalSection(SolutionProperties) = preSolution
		HideSolutionNode = FALSE
	EndGlobalSection
EndGlobal
